{
    "_readme": [
        "This file locks the dependencies of your project to a known state",
        "Read more about it at https://getcomposer.org/doc/01-basic-usage.md#installing-dependencies",
        "This file is @generated automatically"
    ],
    "content-hash": "3621a2a409db46d57daed92b46fd058b",
    "packages": [
        {
            "name": "publishpress/bundled-translations",
            "version": "1.0.0",
            "dist": {
                "type": "path",
                "url": "../../../../..",
                "reference": "fd10931b5c9dffc8a39b04449492a1bb06998ebe"
            },
            "require": {
                "php": ">=7.2.5"
            },
            "require-dev": {
                "publishpress/dev-workspace": "^1.0",
                "publishpress/version-loader-generator": "^1.0"
            },
            "type": "library",
            "extra": {
                "generator": {
                    "lib-class-test": "class_exists('PublishPress\\BundledTranslations\\BundledTranslations')",
                    "src-dir": "core",
                    "action-initialize-priority": "-190",
                    "action-register-priority": "-200"
                },
                "plugin-slug": "bundled-translations",
                "plugin-name": "bundled-translations",
                "plugin-folder": "bundled-translations",
                "version-constant": "PUBLISHPRESS_BUNDLED_TRANSLATIONS_VERSION",
                "plugin-lang-domain": "bundled-translations",
                "plugin-github-repo": "publishpress/bundled-translations",
                "plugin-composer-package": "publishpress/bundled-translations"
            },
            "scripts": {
                "generate-files": [
                    "vendor/bin/version-loader-generator"
                ],
                "update-dummy-lib": [
                    "cd tests/Support/Data/DummyPlugin/lib && composer update"
                ],
                "update-dummy": [
                    "cd tests/Support/Data/DummyPlugin && composer update"
                ],
                "post-install-cmd": [
                    "@generate-files"
                ],
                "post-update-cmd": [
                    "@generate-files"
                ]
            },
            "license": [
                "GPL-3.0-or-later"
            ],
            "authors": [
                {
                    "name": "PublishPress",
                    "email": "help@publishpress.com"
                }
            ],
            "description": "Forces WordPress plugins to use their bundled translations instead of global translations from wordpress.org.",
            "homepage": "http://publishpress.com/",
            "keywords": [
                "wordpress plugin"
            ],
            "transport-options": {
                "symlink": true,
                "relative": true
            }
        }
    ],
    "packages-dev": [],
    "aliases": [],
    "minimum-stability": "stable",
    "stability-flags": {},
    "prefer-stable": false,
    "prefer-lowest": false,
    "platform": {
        "php": ">=7.2.5"
    },
    "platform-dev": {},
    "plugin-api-version": "2.9.0"
}
